
Microsoft Visual Studio Solution File, Format Version 12.00
# Visual Studio 15
VisualStudioVersion = 15.0.27703.2042
MinimumVisualStudioVersion = 10.0.40219.1
Project("{8BC9CEB8-8B4A-11D0-8D11-00A0C91BC942}") = "Ess3D", "Ess3D\Ess3D.vcxproj", "{A16CFDF6-0519-4260-AE44-BDCE0D05E101}"
EndProject
Project("{8BC9CEB8-8B4A-11D0-8D11-00A0C91BC942}") = "Test", "Test\Test.vcxproj", "{05BC8DED-8BAE-4716-99CE-6BE1A2D98A9C}"
	ProjectSection(ProjectDependencies) = postProject
		{A16CFDF6-0519-4260-AE44-BDCE0D05E101} = {A16CFDF6-0519-4260-AE44-BDCE0D05E101}
	EndProjectSection
EndProject
Global
	GlobalSection(SolutionConfigurationPlatforms) = preSolution
		Debug|x86 = Debug|x86
		DebugNCP|x86 = DebugNCP|x86
		Release|x86 = Release|x86
	EndGlobalSection
	GlobalSection(ProjectConfigurationPlatforms) = postSolution
		{A16CFDF6-0519-4260-AE44-BDCE0D05E101}.Debug|x86.ActiveCfg = Debug|Win32
		{A16CFDF6-0519-4260-AE44-BDCE0D05E101}.Debug|x86.Build.0 = Debug|Win32
		{A16CFDF6-0519-4260-AE44-BDCE0D05E101}.DebugNCP|x86.ActiveCfg = DebugNCP|Win32
		{A16CFDF6-0519-4260-AE44-BDCE0D05E101}.DebugNCP|x86.Build.0 = DebugNCP|Win32
		{A16CFDF6-0519-4260-AE44-BDCE0D05E101}.Release|x86.ActiveCfg = Release|Win32
		{A16CFDF6-0519-4260-AE44-BDCE0D05E101}.Release|x86.Build.0 = Release|Win32
		{05BC8DED-8BAE-4716-99CE-6BE1A2D98A9C}.Debug|x86.ActiveCfg = Debug|Win32
		{05BC8DED-8BAE-4716-99CE-6BE1A2D98A9C}.Debug|x86.Build.0 = Debug|Win32
		{05BC8DED-8BAE-4716-99CE-6BE1A2D98A9C}.DebugNCP|x86.ActiveCfg = DebugNCP|Win32
		{05BC8DED-8BAE-4716-99CE-6BE1A2D98A9C}.DebugNCP|x86.Build.0 = DebugNCP|Win32
		{05BC8DED-8BAE-4716-99CE-6BE1A2D98A9C}.Release|x86.ActiveCfg = Release|Win32
		{05BC8DED-8BAE-4716-99CE-6BE1A2D98A9C}.Release|x86.Build.0 = Release|Win32
	EndGlobalSection
	GlobalSection(SolutionProperties) = preSolution
		HideSolutionNode = FALSE
	EndGlobalSection
	GlobalSection(ExtensibilityGlobals) = postSolution
		SolutionGuid = {AC03A76D-BE96-4162-97B9-DBCDEAA3ABC2}
	EndGlobalSection
EndGlobal
